
Microsoft Visual Studio Solution File, Format Version 12.00
# Visual Studio Version 17
VisualStudioVersion = 17.0.31903.59
MinimumVisualStudioVersion = 10.0.40219.1
Project("{FAE04EC0-301F-11D3-BF4B-00C04F79EFBC}") = "Api", "Api\Api.csproj", "{4681A376-8ED6-4D3B-9080-C01F73BB5FF9}"
EndProject
Project("{FAE04EC0-301F-11D3-BF4B-00C04F79EFBC}") = "Domain", "Domain\Domain.csproj", "{FD8A4375-6A38-431F-8B6E-FA6BFD591AE6}"
EndProject
Project("{FAE04EC0-301F-11D3-BF4B-00C04F79EFBC}") = "Application", "Application\Application.csproj", "{661DF20F-5330-4272-90E8-9BF4E2780231}"
EndProject
Project("{FAE04EC0-301F-11D3-BF4B-00C04F79EFBC}") = "Infrastructure", "Infrastructure\Infrastructure.csproj", "{E3D94EED-8282-4E00-B4FD-022211B8B2CF}"
EndProject
Global
	GlobalSection(SolutionConfigurationPlatforms) = preSolution
		Debug|Any CPU = Debug|Any CPU
		Release|Any CPU = Release|Any CPU
	EndGlobalSection
	GlobalSection(SolutionProperties) = preSolution
		HideSolutionNode = FALSE
	EndGlobalSection
	GlobalSection(ProjectConfigurationPlatforms) = postSolution
		{4681A376-8ED6-4D3B-9080-C01F73BB5FF9}.Debug|Any CPU.ActiveCfg = Debug|Any CPU
		{4681A376-8ED6-4D3B-9080-C01F73BB5FF9}.Debug|Any CPU.Build.0 = Debug|Any CPU
		{4681A376-8ED6-4D3B-9080-C01F73BB5FF9}.Release|Any CPU.ActiveCfg = Release|Any CPU
		{4681A376-8ED6-4D3B-9080-C01F73BB5FF9}.Release|Any CPU.Build.0 = Release|Any CPU
		{FD8A4375-6A38-431F-8B6E-FA6BFD591AE6}.Debug|Any CPU.ActiveCfg = Debug|Any CPU
		{FD8A4375-6A38-431F-8B6E-FA6BFD591AE6}.Debug|Any CPU.Build.0 = Debug|Any CPU
		{FD8A4375-6A38-431F-8B6E-FA6BFD591AE6}.Release|Any CPU.ActiveCfg = Release|Any CPU
		{FD8A4375-6A38-431F-8B6E-FA6BFD591AE6}.Release|Any CPU.Build.0 = Release|Any CPU
		{661DF20F-5330-4272-90E8-9BF4E2780231}.Debug|Any CPU.ActiveCfg = Debug|Any CPU
		{661DF20F-5330-4272-90E8-9BF4E2780231}.Debug|Any CPU.Build.0 = Debug|Any CPU
		{661DF20F-5330-4272-90E8-9BF4E2780231}.Release|Any CPU.ActiveCfg = Release|Any CPU
		{661DF20F-5330-4272-90E8-9BF4E2780231}.Release|Any CPU.Build.0 = Release|Any CPU
		{E3D94EED-8282-4E00-B4FD-022211B8B2CF}.Debug|Any CPU.ActiveCfg = Debug|Any CPU
		{E3D94EED-8282-4E00-B4FD-022211B8B2CF}.Debug|Any CPU.Build.0 = Debug|Any CPU
		{E3D94EED-8282-4E00-B4FD-022211B8B2CF}.Release|Any CPU.ActiveCfg = Release|Any CPU
		{E3D94EED-8282-4E00-B4FD-022211B8B2CF}.Release|Any CPU.Build.0 = Release|Any CPU
	EndGlobalSection
EndGlobal
